
Microsoft Visual Studio Solution File, Format Version 11.00
# Visual Studio 2010
Project("{FAE04EC0-301F-11D3-BF4B-00C04F79EFBC}") = "Gestioname.DomainModel", "DomainModel\Gestioname.DomainModel.csproj", "{8C5C2286-4146-48E9-9025-85E36E0A2710}"
EndProject
Project("{FAE04EC0-301F-11D3-BF4B-00C04F79EFBC}") = "Gestioname.DomainModel.Test", "DomainModel.Test\Gestioname.DomainModel.Test.csproj", "{E0E3134C-B46E-45A7-9CE5-245B4A84F971}"
EndProject
Project("{FAE04EC0-301F-11D3-BF4B-00C04F79EFBC}") = "Gestioname.Library", "Library\Gestioname.Library.csproj", "{85027EA5-4F76-4478-8780-E30AD7E170CB}"
EndProject
Global
	GlobalSection(SolutionConfigurationPlatforms) = preSolution
		Debug|Any CPU = Debug|Any CPU
		Release|Any CPU = Release|Any CPU
	EndGlobalSection
	GlobalSection(ProjectConfigurationPlatforms) = postSolution
		{8C5C2286-4146-48E9-9025-85E36E0A2710}.Debug|Any CPU.ActiveCfg = Debug|Any CPU
		{8C5C2286-4146-48E9-9025-85E36E0A2710}.Debug|Any CPU.Build.0 = Debug|Any CPU
		{8C5C2286-4146-48E9-9025-85E36E0A2710}.Release|Any CPU.ActiveCfg = Release|Any CPU
		{8C5C2286-4146-48E9-9025-85E36E0A2710}.Release|Any CPU.Build.0 = Release|Any CPU
		{E0E3134C-B46E-45A7-9CE5-245B4A84F971}.Debug|Any CPU.ActiveCfg = Debug|Any CPU
		{E0E3134C-B46E-45A7-9CE5-245B4A84F971}.Debug|Any CPU.Build.0 = Debug|Any CPU
		{E0E3134C-B46E-45A7-9CE5-245B4A84F971}.Release|Any CPU.ActiveCfg = Release|Any CPU
		{E0E3134C-B46E-45A7-9CE5-245B4A84F971}.Release|Any CPU.Build.0 = Release|Any CPU
		{85027EA5-4F76-4478-8780-E30AD7E170CB}.Debug|Any CPU.ActiveCfg = Debug|Any CPU
		{85027EA5-4F76-4478-8780-E30AD7E170CB}.Debug|Any CPU.Build.0 = Debug|Any CPU
		{85027EA5-4F76-4478-8780-E30AD7E170CB}.Release|Any CPU.ActiveCfg = Release|Any CPU
		{85027EA5-4F76-4478-8780-E30AD7E170CB}.Release|Any CPU.Build.0 = Release|Any CPU
	EndGlobalSection
	GlobalSection(SolutionProperties) = preSolution
		HideSolutionNode = FALSE
	EndGlobalSection
EndGlobal
