
Microsoft Visual Studio Solution File, Format Version 10.00
# Visual Studio 2008
Project("{FAE04EC0-301F-11D3-BF4B-00C04F79EFBC}") = "Gestioname", "Gestioname\Gestioname.csproj", "{4C718736-E68F-4428-82ED-ACED5FDD1A6C}"
EndProject
Project("{2150E333-8FDC-42A3-9474-1A3956D46DE8}") = "Composite Application Block", "Composite Application Block", "{3CE565CB-1DE5-44DF-9B9F-204253402C3D}"
EndProject
Project("{FAE04EC0-301F-11D3-BF4B-00C04F79EFBC}") = "Gestioname.Infrastructure", "Gestioname.Infrastructure\Gestioname.Infrastructure.csproj", "{6E4C5F29-05F2-46C8-8AE4-7A1B96685B8C}"
EndProject
Project("{2150E333-8FDC-42A3-9474-1A3956D46DE8}") = "Common", "Common", "{D8B2F9A0-117E-4329-B2CF-094647D86AA8}"
EndProject
Project("{2150E333-8FDC-42A3-9474-1A3956D46DE8}") = "Modules", "Modules", "{C8A0892A-EB83-46AB-8AF8-54B81D1AC23C}"
EndProject
Project("{2150E333-8FDC-42A3-9474-1A3956D46DE8}") = "Clientes Module", "Clientes Module", "{8D895D02-9DA1-46C2-83B2-601F309D3C76}"
EndProject
Project("{FAE04EC0-301F-11D3-BF4B-00C04F79EFBC}") = "Composite.Wpf", "Composite.Wpf\Composite.Wpf.csproj", "{F807062D-6FC9-4FF0-A9F5-5F94653EDC4D}"
EndProject
Project("{FAE04EC0-301F-11D3-BF4B-00C04F79EFBC}") = "Composite.UnityExtensions", "Composite.UnityExtensions\Composite.UnityExtensions.csproj", "{17831F3B-6B82-4916-BD2B-2CE2071EA622}"
EndProject
Project("{FAE04EC0-301F-11D3-BF4B-00C04F79EFBC}") = "Composite", "Composite\Composite.csproj", "{77138947-1D13-4E22-AEE0-5D0DD046CA34}"
EndProject
Project("{FAE04EC0-301F-11D3-BF4B-00C04F79EFBC}") = "Gestioname.Modules.Clientes.Interfaces", "Gestioname.Modules.Clientes.Interfaces\Gestioname.Modules.Clientes.Interfaces.csproj", "{358F6599-A3EA-4200-AF46-A68B14434EE3}"
EndProject
Project("{FAE04EC0-301F-11D3-BF4B-00C04F79EFBC}") = "Gestioname.Modules.Clientes.BusinessComponents", "Gestioname.Modules.Clientes.BusinessComponents\Gestioname.Modules.Clientes.BusinessComponents.csproj", "{B7CC3721-620C-445E-81DB-14D6E4CFBFE6}"
EndProject
Project("{FAE04EC0-301F-11D3-BF4B-00C04F79EFBC}") = "Gestioname.Modules.Clientes.UI", "Gestioname.Modules.Clientes.UI\Gestioname.Modules.Clientes.UI.csproj", "{A55E4577-BB79-4F12-A632-23A836C59FFF}"
EndProject
Project("{FAE04EC0-301F-11D3-BF4B-00C04F79EFBC}") = "Gestioname.Framework", "Gestioname.Framework\Gestioname.Framework.csproj", "{A6001C18-3A4F-4621-9C19-51ABF8E7C03C}"
EndProject
Project("{FAE04EC0-301F-11D3-BF4B-00C04F79EFBC}") = "Gestioname.Framework.ObjectContextManager", "Gestioname.Framework.ObjectContextManager\Gestioname.Framework.ObjectContextManager.csproj", "{5C8A4AF3-73F6-4C4B-B547-795EDC1AA77C}"
EndProject
Project("{2150E333-8FDC-42A3-9474-1A3956D46DE8}") = "Entity Framework Extensions", "Entity Framework Extensions", "{73E65683-17AF-4CA5-8ED6-942A575E824D}"
EndProject
Project("{FAE04EC0-301F-11D3-BF4B-00C04F79EFBC}") = "EFExtensions", "EFExtensions\EFExtensions.csproj", "{3B7B86B0-9ABB-44C0-A10D-1373CB2EA9B1}"
EndProject
Project("{FAE04EC0-301F-11D3-BF4B-00C04F79EFBC}") = "Getioname.Modules.Clientes.UnitTests", "Getioname.Modules.Clientes.UnitTests\Getioname.Modules.Clientes.UnitTests.csproj", "{B8C260B8-ADAB-4C23-887B-3AA42238047C}"
EndProject
Project("{2150E333-8FDC-42A3-9474-1A3956D46DE8}") = "Solution Items", "Solution Items", "{7AB43B3D-73B8-412F-AA61-A3E6916B85D0}"
	ProjectSection(SolutionItems) = preProject
		Gestioname.vsmdi = Gestioname.vsmdi
		LocalTestRun.testrunconfig = LocalTestRun.testrunconfig
	EndProjectSection
EndProject
Project("{FAE04EC0-301F-11D3-BF4B-00C04F79EFBC}") = "Gestioname.Modules.Clientes.DataAccess", "Gestioname.Modules.Clientes.DataAccess\Gestioname.Modules.Clientes.DataAccess.csproj", "{686EE8AF-E624-4F36-969F-58AEFF7EF2FD}"
EndProject
Global
	GlobalSection(TestCaseManagementSettings) = postSolution
		CategoryFile = Gestioname.vsmdi
	EndGlobalSection
	GlobalSection(SolutionConfigurationPlatforms) = preSolution
		Debug|Any CPU = Debug|Any CPU
		Release|Any CPU = Release|Any CPU
	EndGlobalSection
	GlobalSection(ProjectConfigurationPlatforms) = postSolution
		{4C718736-E68F-4428-82ED-ACED5FDD1A6C}.Debug|Any CPU.ActiveCfg = Debug|Any CPU
		{4C718736-E68F-4428-82ED-ACED5FDD1A6C}.Debug|Any CPU.Build.0 = Debug|Any CPU
		{4C718736-E68F-4428-82ED-ACED5FDD1A6C}.Release|Any CPU.ActiveCfg = Release|Any CPU
		{4C718736-E68F-4428-82ED-ACED5FDD1A6C}.Release|Any CPU.Build.0 = Release|Any CPU
		{6E4C5F29-05F2-46C8-8AE4-7A1B96685B8C}.Debug|Any CPU.ActiveCfg = Debug|Any CPU
		{6E4C5F29-05F2-46C8-8AE4-7A1B96685B8C}.Debug|Any CPU.Build.0 = Debug|Any CPU
		{6E4C5F29-05F2-46C8-8AE4-7A1B96685B8C}.Release|Any CPU.ActiveCfg = Release|Any CPU
		{6E4C5F29-05F2-46C8-8AE4-7A1B96685B8C}.Release|Any CPU.Build.0 = Release|Any CPU
		{F807062D-6FC9-4FF0-A9F5-5F94653EDC4D}.Debug|Any CPU.ActiveCfg = Debug|Any CPU
		{F807062D-6FC9-4FF0-A9F5-5F94653EDC4D}.Debug|Any CPU.Build.0 = Debug|Any CPU
		{F807062D-6FC9-4FF0-A9F5-5F94653EDC4D}.Release|Any CPU.ActiveCfg = Release|Any CPU
		{F807062D-6FC9-4FF0-A9F5-5F94653EDC4D}.Release|Any CPU.Build.0 = Release|Any CPU
		{17831F3B-6B82-4916-BD2B-2CE2071EA622}.Debug|Any CPU.ActiveCfg = Debug|Any CPU
		{17831F3B-6B82-4916-BD2B-2CE2071EA622}.Debug|Any CPU.Build.0 = Debug|Any CPU
		{17831F3B-6B82-4916-BD2B-2CE2071EA622}.Release|Any CPU.ActiveCfg = Release|Any CPU
		{17831F3B-6B82-4916-BD2B-2CE2071EA622}.Release|Any CPU.Build.0 = Release|Any CPU
		{77138947-1D13-4E22-AEE0-5D0DD046CA34}.Debug|Any CPU.ActiveCfg = Debug|Any CPU
		{77138947-1D13-4E22-AEE0-5D0DD046CA34}.Debug|Any CPU.Build.0 = Debug|Any CPU
		{77138947-1D13-4E22-AEE0-5D0DD046CA34}.Release|Any CPU.ActiveCfg = Release|Any CPU
		{77138947-1D13-4E22-AEE0-5D0DD046CA34}.Release|Any CPU.Build.0 = Release|Any CPU
		{358F6599-A3EA-4200-AF46-A68B14434EE3}.Debug|Any CPU.ActiveCfg = Debug|Any CPU
		{358F6599-A3EA-4200-AF46-A68B14434EE3}.Debug|Any CPU.Build.0 = Debug|Any CPU
		{358F6599-A3EA-4200-AF46-A68B14434EE3}.Release|Any CPU.ActiveCfg = Release|Any CPU
		{358F6599-A3EA-4200-AF46-A68B14434EE3}.Release|Any CPU.Build.0 = Release|Any CPU
		{B7CC3721-620C-445E-81DB-14D6E4CFBFE6}.Debug|Any CPU.ActiveCfg = Debug|Any CPU
		{B7CC3721-620C-445E-81DB-14D6E4CFBFE6}.Debug|Any CPU.Build.0 = Debug|Any CPU
		{B7CC3721-620C-445E-81DB-14D6E4CFBFE6}.Release|Any CPU.ActiveCfg = Release|Any CPU
		{B7CC3721-620C-445E-81DB-14D6E4CFBFE6}.Release|Any CPU.Build.0 = Release|Any CPU
		{A55E4577-BB79-4F12-A632-23A836C59FFF}.Debug|Any CPU.ActiveCfg = Debug|Any CPU
		{A55E4577-BB79-4F12-A632-23A836C59FFF}.Debug|Any CPU.Build.0 = Debug|Any CPU
		{A55E4577-BB79-4F12-A632-23A836C59FFF}.Release|Any CPU.ActiveCfg = Release|Any CPU
		{A55E4577-BB79-4F12-A632-23A836C59FFF}.Release|Any CPU.Build.0 = Release|Any CPU
		{A6001C18-3A4F-4621-9C19-51ABF8E7C03C}.Debug|Any CPU.ActiveCfg = Debug|Any CPU
		{A6001C18-3A4F-4621-9C19-51ABF8E7C03C}.Debug|Any CPU.Build.0 = Debug|Any CPU
		{A6001C18-3A4F-4621-9C19-51ABF8E7C03C}.Release|Any CPU.ActiveCfg = Release|Any CPU
		{A6001C18-3A4F-4621-9C19-51ABF8E7C03C}.Release|Any CPU.Build.0 = Release|Any CPU
		{5C8A4AF3-73F6-4C4B-B547-795EDC1AA77C}.Debug|Any CPU.ActiveCfg = Debug|Any CPU
		{5C8A4AF3-73F6-4C4B-B547-795EDC1AA77C}.Debug|Any CPU.Build.0 = Debug|Any CPU
		{5C8A4AF3-73F6-4C4B-B547-795EDC1AA77C}.Release|Any CPU.ActiveCfg = Release|Any CPU
		{5C8A4AF3-73F6-4C4B-B547-795EDC1AA77C}.Release|Any CPU.Build.0 = Release|Any CPU
		{3B7B86B0-9ABB-44C0-A10D-1373CB2EA9B1}.Debug|Any CPU.ActiveCfg = Debug|Any CPU
		{3B7B86B0-9ABB-44C0-A10D-1373CB2EA9B1}.Debug|Any CPU.Build.0 = Debug|Any CPU
		{3B7B86B0-9ABB-44C0-A10D-1373CB2EA9B1}.Release|Any CPU.ActiveCfg = Release|Any CPU
		{3B7B86B0-9ABB-44C0-A10D-1373CB2EA9B1}.Release|Any CPU.Build.0 = Release|Any CPU
		{B8C260B8-ADAB-4C23-887B-3AA42238047C}.Debug|Any CPU.ActiveCfg = Debug|Any CPU
		{B8C260B8-ADAB-4C23-887B-3AA42238047C}.Debug|Any CPU.Build.0 = Debug|Any CPU
		{B8C260B8-ADAB-4C23-887B-3AA42238047C}.Release|Any CPU.ActiveCfg = Release|Any CPU
		{B8C260B8-ADAB-4C23-887B-3AA42238047C}.Release|Any CPU.Build.0 = Release|Any CPU
		{686EE8AF-E624-4F36-969F-58AEFF7EF2FD}.Debug|Any CPU.ActiveCfg = Debug|Any CPU
		{686EE8AF-E624-4F36-969F-58AEFF7EF2FD}.Debug|Any CPU.Build.0 = Debug|Any CPU
		{686EE8AF-E624-4F36-969F-58AEFF7EF2FD}.Release|Any CPU.ActiveCfg = Release|Any CPU
		{686EE8AF-E624-4F36-969F-58AEFF7EF2FD}.Release|Any CPU.Build.0 = Release|Any CPU
	EndGlobalSection
	GlobalSection(SolutionProperties) = preSolution
		HideSolutionNode = FALSE
	EndGlobalSection
	GlobalSection(NestedProjects) = preSolution
		{F807062D-6FC9-4FF0-A9F5-5F94653EDC4D} = {3CE565CB-1DE5-44DF-9B9F-204253402C3D}
		{17831F3B-6B82-4916-BD2B-2CE2071EA622} = {3CE565CB-1DE5-44DF-9B9F-204253402C3D}
		{77138947-1D13-4E22-AEE0-5D0DD046CA34} = {3CE565CB-1DE5-44DF-9B9F-204253402C3D}
		{6E4C5F29-05F2-46C8-8AE4-7A1B96685B8C} = {D8B2F9A0-117E-4329-B2CF-094647D86AA8}
		{A6001C18-3A4F-4621-9C19-51ABF8E7C03C} = {D8B2F9A0-117E-4329-B2CF-094647D86AA8}
		{5C8A4AF3-73F6-4C4B-B547-795EDC1AA77C} = {D8B2F9A0-117E-4329-B2CF-094647D86AA8}
		{8D895D02-9DA1-46C2-83B2-601F309D3C76} = {C8A0892A-EB83-46AB-8AF8-54B81D1AC23C}
		{358F6599-A3EA-4200-AF46-A68B14434EE3} = {8D895D02-9DA1-46C2-83B2-601F309D3C76}
		{B7CC3721-620C-445E-81DB-14D6E4CFBFE6} = {8D895D02-9DA1-46C2-83B2-601F309D3C76}
		{A55E4577-BB79-4F12-A632-23A836C59FFF} = {8D895D02-9DA1-46C2-83B2-601F309D3C76}
		{B8C260B8-ADAB-4C23-887B-3AA42238047C} = {8D895D02-9DA1-46C2-83B2-601F309D3C76}
		{7AB43B3D-73B8-412F-AA61-A3E6916B85D0} = {8D895D02-9DA1-46C2-83B2-601F309D3C76}
		{686EE8AF-E624-4F36-969F-58AEFF7EF2FD} = {8D895D02-9DA1-46C2-83B2-601F309D3C76}
		{3B7B86B0-9ABB-44C0-A10D-1373CB2EA9B1} = {73E65683-17AF-4CA5-8ED6-942A575E824D}
	EndGlobalSection
EndGlobal
